
Microsoft Visual Studio Solution File, Format Version 12.00
Project("{2150E333-8FDC-42A3-9474-1A3956D46DE8}") = "src", "src", "{FE03A62F-B0A1-41F6-A55D-322253B0FCD9}"
EndProject
Project("{2150E333-8FDC-42A3-9474-1A3956D46DE8}") = "test", "test", "{C9C05DB8-C4B7-4D47-8AF1-051F948DE4E2}"
EndProject
Project("{2150E333-8FDC-42A3-9474-1A3956D46DE8}") = "docs", "docs", "{23E11F64-3B00-4B63-8338-7BD275075497}"
EndProject
Project("{2150E333-8FDC-42A3-9474-1A3956D46DE8}") = "solution-items", "solution-items", "{8166E8DB-F587-40BC-AB83-DCE077835401}"
	ProjectSection(SolutionItems) = preProject
		.dockerignore = .dockerignore
		.editorconfig = .editorconfig
		.gitattributes = .gitattributes
		.gitignore = .gitignore
		.gitleaks.toml = .gitleaks.toml
		Directory.Build.props = Directory.Build.props
		Directory.Packages.props = Directory.Packages.props
		docker-compose.override.yml = docker-compose.override.yml
		docker-compose.yml = docker-compose.yml
		Dockerfile = Dockerfile
		global.json = global.json
		README.md = README.md
	EndProjectSection
EndProject
Project("{FAE04EC0-301F-11D3-BF4B-00C04F79EFBC}") = "Open.Core", "src\Open.Core\Open.Core.csproj", "{E22730A2-3389-4BE5-8B20-A8F86BC7BB2C}"
EndProject
Project("{FAE04EC0-301F-11D3-BF4B-00C04F79EFBC}") = "Open.Shared", "src\Open.Shared\Open.Shared.csproj", "{74C37AFF-A5A9-42CD-83B6-334A7ED08093}"
EndProject
Project("{FAE04EC0-301F-11D3-BF4B-00C04F79EFBC}") = "Open.Application", "src\Open.Application\Open.Application.csproj", "{C152D3F1-D604-4F11-AF96-D96813F0BECF}"
EndProject
Project("{FAE04EC0-301F-11D3-BF4B-00C04F79EFBC}") = "Open.Domain", "src\Open.Domain\Open.Domain.csproj", "{81E04BDD-6945-4D68-AE05-78B4328CEBE1}"
EndProject
Project("{FAE04EC0-301F-11D3-BF4B-00C04F79EFBC}") = "Open.Application.Contracts", "src\Open.Application.Contracts\Open.Application.Contracts.csproj", "{0B887D6F-A817-4BC1-89D1-2BBF7548F846}"
EndProject
Project("{FAE04EC0-301F-11D3-BF4B-00C04F79EFBC}") = "Open.Domain.Shared", "src\Open.Domain.Shared\Open.Domain.Shared.csproj", "{4093E4CD-8B41-4378-800C-9D1F9AD2CA97}"
EndProject
Project("{FAE04EC0-301F-11D3-BF4B-00C04F79EFBC}") = "Open.Infrastructure.EntityFrameworkCore", "src\Open.Infrastructure.EntityFrameworkCore\Open.Infrastructure.EntityFrameworkCore.csproj", "{D74652F9-0EBE-4F83-B8CD-164E59F21B97}"
EndProject
Project("{FAE04EC0-301F-11D3-BF4B-00C04F79EFBC}") = "Open.Infrastructure.Dapper", "src\Open.Infrastructure.Dapper\Open.Infrastructure.Dapper.csproj", "{3B91EE2F-F197-4014-AE27-2EBF392ED2B6}"
EndProject
Project("{FAE04EC0-301F-11D3-BF4B-00C04F79EFBC}") = "Open.Infrastructure.Storage.S3", "src\Open.Infrastructure.Storage.S3\Open.Infrastructure.Storage.S3.csproj", "{F44D2B8B-59DE-4B4E-A161-9D3DE3ABDDB3}"
EndProject
Project("{FAE04EC0-301F-11D3-BF4B-00C04F79EFBC}") = "Open.HttpApi", "src\Open.HttpApi\Open.HttpApi.csproj", "{DC782058-E5EF-408B-9598-CBCE03A84995}"
EndProject
Global
	GlobalSection(SolutionConfigurationPlatforms) = preSolution
		Debug|Any CPU = Debug|Any CPU
		Release|Any CPU = Release|Any CPU
	EndGlobalSection
	GlobalSection(NestedProjects) = preSolution
		{E22730A2-3389-4BE5-8B20-A8F86BC7BB2C} = {FE03A62F-B0A1-41F6-A55D-322253B0FCD9}
		{74C37AFF-A5A9-42CD-83B6-334A7ED08093} = {FE03A62F-B0A1-41F6-A55D-322253B0FCD9}
		{C152D3F1-D604-4F11-AF96-D96813F0BECF} = {FE03A62F-B0A1-41F6-A55D-322253B0FCD9}
		{81E04BDD-6945-4D68-AE05-78B4328CEBE1} = {FE03A62F-B0A1-41F6-A55D-322253B0FCD9}
		{0B887D6F-A817-4BC1-89D1-2BBF7548F846} = {FE03A62F-B0A1-41F6-A55D-322253B0FCD9}
		{4093E4CD-8B41-4378-800C-9D1F9AD2CA97} = {FE03A62F-B0A1-41F6-A55D-322253B0FCD9}
		{D74652F9-0EBE-4F83-B8CD-164E59F21B97} = {FE03A62F-B0A1-41F6-A55D-322253B0FCD9}
		{3B91EE2F-F197-4014-AE27-2EBF392ED2B6} = {FE03A62F-B0A1-41F6-A55D-322253B0FCD9}
		{F44D2B8B-59DE-4B4E-A161-9D3DE3ABDDB3} = {FE03A62F-B0A1-41F6-A55D-322253B0FCD9}
		{DC782058-E5EF-408B-9598-CBCE03A84995} = {FE03A62F-B0A1-41F6-A55D-322253B0FCD9}
	EndGlobalSection
	GlobalSection(ProjectConfigurationPlatforms) = postSolution
		{E22730A2-3389-4BE5-8B20-A8F86BC7BB2C}.Debug|Any CPU.ActiveCfg = Debug|Any CPU
		{E22730A2-3389-4BE5-8B20-A8F86BC7BB2C}.Debug|Any CPU.Build.0 = Debug|Any CPU
		{E22730A2-3389-4BE5-8B20-A8F86BC7BB2C}.Release|Any CPU.ActiveCfg = Release|Any CPU
		{E22730A2-3389-4BE5-8B20-A8F86BC7BB2C}.Release|Any CPU.Build.0 = Release|Any CPU
		{74C37AFF-A5A9-42CD-83B6-334A7ED08093}.Debug|Any CPU.ActiveCfg = Debug|Any CPU
		{74C37AFF-A5A9-42CD-83B6-334A7ED08093}.Debug|Any CPU.Build.0 = Debug|Any CPU
		{74C37AFF-A5A9-42CD-83B6-334A7ED08093}.Release|Any CPU.ActiveCfg = Release|Any CPU
		{74C37AFF-A5A9-42CD-83B6-334A7ED08093}.Release|Any CPU.Build.0 = Release|Any CPU
		{C152D3F1-D604-4F11-AF96-D96813F0BECF}.Debug|Any CPU.ActiveCfg = Debug|Any CPU
		{C152D3F1-D604-4F11-AF96-D96813F0BECF}.Debug|Any CPU.Build.0 = Debug|Any CPU
		{C152D3F1-D604-4F11-AF96-D96813F0BECF}.Release|Any CPU.ActiveCfg = Release|Any CPU
		{C152D3F1-D604-4F11-AF96-D96813F0BECF}.Release|Any CPU.Build.0 = Release|Any CPU
		{81E04BDD-6945-4D68-AE05-78B4328CEBE1}.Debug|Any CPU.ActiveCfg = Debug|Any CPU
		{81E04BDD-6945-4D68-AE05-78B4328CEBE1}.Debug|Any CPU.Build.0 = Debug|Any CPU
		{81E04BDD-6945-4D68-AE05-78B4328CEBE1}.Release|Any CPU.ActiveCfg = Release|Any CPU
		{81E04BDD-6945-4D68-AE05-78B4328CEBE1}.Release|Any CPU.Build.0 = Release|Any CPU
		{0B887D6F-A817-4BC1-89D1-2BBF7548F846}.Debug|Any CPU.ActiveCfg = Debug|Any CPU
		{0B887D6F-A817-4BC1-89D1-2BBF7548F846}.Debug|Any CPU.Build.0 = Debug|Any CPU
		{0B887D6F-A817-4BC1-89D1-2BBF7548F846}.Release|Any CPU.ActiveCfg = Release|Any CPU
		{0B887D6F-A817-4BC1-89D1-2BBF7548F846}.Release|Any CPU.Build.0 = Release|Any CPU
		{4093E4CD-8B41-4378-800C-9D1F9AD2CA97}.Debug|Any CPU.ActiveCfg = Debug|Any CPU
		{4093E4CD-8B41-4378-800C-9D1F9AD2CA97}.Debug|Any CPU.Build.0 = Debug|Any CPU
		{4093E4CD-8B41-4378-800C-9D1F9AD2CA97}.Release|Any CPU.ActiveCfg = Release|Any CPU
		{4093E4CD-8B41-4378-800C-9D1F9AD2CA97}.Release|Any CPU.Build.0 = Release|Any CPU
		{D74652F9-0EBE-4F83-B8CD-164E59F21B97}.Debug|Any CPU.ActiveCfg = Debug|Any CPU
		{D74652F9-0EBE-4F83-B8CD-164E59F21B97}.Debug|Any CPU.Build.0 = Debug|Any CPU
		{D74652F9-0EBE-4F83-B8CD-164E59F21B97}.Release|Any CPU.ActiveCfg = Release|Any CPU
		{D74652F9-0EBE-4F83-B8CD-164E59F21B97}.Release|Any CPU.Build.0 = Release|Any CPU
		{3B91EE2F-F197-4014-AE27-2EBF392ED2B6}.Debug|Any CPU.ActiveCfg = Debug|Any CPU
		{3B91EE2F-F197-4014-AE27-2EBF392ED2B6}.Debug|Any CPU.Build.0 = Debug|Any CPU
		{3B91EE2F-F197-4014-AE27-2EBF392ED2B6}.Release|Any CPU.ActiveCfg = Release|Any CPU
		{3B91EE2F-F197-4014-AE27-2EBF392ED2B6}.Release|Any CPU.Build.0 = Release|Any CPU
		{F44D2B8B-59DE-4B4E-A161-9D3DE3ABDDB3}.Debug|Any CPU.ActiveCfg = Debug|Any CPU
		{F44D2B8B-59DE-4B4E-A161-9D3DE3ABDDB3}.Debug|Any CPU.Build.0 = Debug|Any CPU
		{F44D2B8B-59DE-4B4E-A161-9D3DE3ABDDB3}.Release|Any CPU.ActiveCfg = Release|Any CPU
		{F44D2B8B-59DE-4B4E-A161-9D3DE3ABDDB3}.Release|Any CPU.Build.0 = Release|Any CPU
		{DC782058-E5EF-408B-9598-CBCE03A84995}.Debug|Any CPU.ActiveCfg = Debug|Any CPU
		{DC782058-E5EF-408B-9598-CBCE03A84995}.Debug|Any CPU.Build.0 = Debug|Any CPU
		{DC782058-E5EF-408B-9598-CBCE03A84995}.Release|Any CPU.ActiveCfg = Release|Any CPU
		{DC782058-E5EF-408B-9598-CBCE03A84995}.Release|Any CPU.Build.0 = Release|Any CPU
	EndGlobalSection
EndGlobal
